// !$*UTF8*$!
{ archiveVersion = 1; classes = {}; objectVersion = 56; objects = {
F08E9037ADD7F64669FEB418 = { isa = PBXFileReference; lastKnownFileType = sourcecode.swift; path = "VO1DMessenger/APIClient.swift"; sourceTree = "SOURCE_ROOT"; };
783DEAC75B590DDB41AEC5DF = { isa = PBXBuildFile; fileRef = F08E9037ADD7F64669FEB418; };
3D4914BBE4AF9E1776BC8B94 = { isa = PBXFileReference; lastKnownFileType = sourcecode.swift; path = "VO1DMessenger/AppConfig.swift"; sourceTree = "SOURCE_ROOT"; };
2EA02BEA718EAE5B6CE439DA = { isa = PBXBuildFile; fileRef = 3D4914BBE4AF9E1776BC8B94; };
A019A4FCAC0145DFD58CED45 = { isa = PBXFileReference; lastKnownFileType = sourcecode.swift; path = "VO1DMessenger/Calls.swift"; sourceTree = "SOURCE_ROOT"; };
339E4F8FB2A9798619F76230 = { isa = PBXBuildFile; fileRef = A019A4FCAC0145DFD58CED45; };
41D528D251898BA018857B68 = { isa = PBXFileReference; lastKnownFileType = sourcecode.swift; path = "VO1DMessenger/ChatStore.swift"; sourceTree = "SOURCE_ROOT"; };
3121D0DF2F20A6C8458A76AB = { isa = PBXBuildFile; fileRef = 41D528D251898BA018857B68; };
1FDA806CD1124A0529305073 = { isa = PBXFileReference; lastKnownFileType = sourcecode.swift; path = "VO1DMessenger/ChatView.swift"; sourceTree = "SOURCE_ROOT"; };
50B86364C27497A3175AED55 = { isa = PBXBuildFile; fileRef = 1FDA806CD1124A0529305073; };
5FB532BA2EB07D70714BC15D = { isa = PBXFileReference; lastKnownFileType = sourcecode.swift; path = "VO1DMessenger/ContactsView.swift"; sourceTree = "SOURCE_ROOT"; };
E81395BC70FAE37BCA57A31E = { isa = PBXBuildFile; fileRef = 5FB532BA2EB07D70714BC15D; };
9D92C87875E0F76218233542 = { isa = PBXFileReference; lastKnownFileType = sourcecode.swift; path = "VO1DMessenger/ContentReviewViews.swift"; sourceTree = "SOURCE_ROOT"; };
E9A50CDEC8B6E3F68F61DF34 = { isa = PBXBuildFile; fileRef = 9D92C87875E0F76218233542; };
0CF4DB76CC2D4703B641EA89 = { isa = PBXFileReference; lastKnownFileType = sourcecode.swift; path = "VO1DMessenger/Crypto.swift"; sourceTree = "SOURCE_ROOT"; };
CC3FAA55F65F605494389FCD = { isa = PBXBuildFile; fileRef = 0CF4DB76CC2D4703B641EA89; };
9891728F7E4C73FFFBD9CB75 = { isa = PBXFileReference; lastKnownFileType = sourcecode.swift; path = "VO1DMessenger/Design.swift"; sourceTree = "SOURCE_ROOT"; };
138F987C8D24C368D51B0112 = { isa = PBXBuildFile; fileRef = 9891728F7E4C73FFFBD9CB75; };
A14A2CCBD1675F8A57604894 = { isa = PBXFileReference; lastKnownFileType = sourcecode.swift; path = "VO1DMessenger/InboxView.swift"; sourceTree = "SOURCE_ROOT"; };
3236F1912D48FC74FBC469AC = { isa = PBXBuildFile; fileRef = A14A2CCBD1675F8A57604894; };
CC4C5BA51A3FF42740A31CE7 = { isa = PBXFileReference; lastKnownFileType = sourcecode.swift; path = "VO1DMessenger/Media.swift"; sourceTree = "SOURCE_ROOT"; };
876048EECEC18FF9E6C843AB = { isa = PBXBuildFile; fileRef = CC4C5BA51A3FF42740A31CE7; };
3711C230483B01404F3DFBD7 = { isa = PBXFileReference; lastKnownFileType = sourcecode.swift; path = "VO1DMessenger/Models.swift"; sourceTree = "SOURCE_ROOT"; };
8E010AAB65483F86DDE24783 = { isa = PBXBuildFile; fileRef = 3711C230483B01404F3DFBD7; };
5B9C20764C688D67F9E15124 = { isa = PBXFileReference; lastKnownFileType = sourcecode.swift; path = "VO1DMessenger/Notifications.swift"; sourceTree = "SOURCE_ROOT"; };
6AF2240F3799CDFDBB7EF9AD = { isa = PBXBuildFile; fileRef = 5B9C20764C688D67F9E15124; };
345BFE722C4DEB5BABA084F1 = { isa = PBXFileReference; lastKnownFileType = sourcecode.swift; path = "VO1DMessenger/PrivacyModels.swift"; sourceTree = "SOURCE_ROOT"; };
D9760B24984F6E199B1F527B = { isa = PBXBuildFile; fileRef = 345BFE722C4DEB5BABA084F1; };
B2B88FE58314ECD50A8D5ECE = { isa = PBXFileReference; lastKnownFileType = sourcecode.swift; path = "VO1DMessenger/PrivacyStore.swift"; sourceTree = "SOURCE_ROOT"; };
E6EE2649D766ACEBC8EAD3F6 = { isa = PBXBuildFile; fileRef = B2B88FE58314ECD50A8D5ECE; };
8D86123F6DDE0BEB0F24D445 = { isa = PBXFileReference; lastKnownFileType = sourcecode.swift; path = "VO1DMessenger/PrivacyViews.swift"; sourceTree = "SOURCE_ROOT"; };
A2BFDC1EA1F99B17CF46CB93 = { isa = PBXBuildFile; fileRef = 8D86123F6DDE0BEB0F24D445; };
D7D78D1EF40D69442392EF82 = { isa = PBXFileReference; lastKnownFileType = sourcecode.swift; path = "VO1DMessenger/PushCoordinator.swift"; sourceTree = "SOURCE_ROOT"; };
280C14C565301A1ABE7A895E = { isa = PBXBuildFile; fileRef = D7D78D1EF40D69442392EF82; };
89857FD487850BEBF5975E29 = { isa = PBXFileReference; lastKnownFileType = sourcecode.swift; path = "VO1DMessenger/ResumableDownload.swift"; sourceTree = "SOURCE_ROOT"; };
B36C8CE4F5984514D0F7DC33 = { isa = PBXBuildFile; fileRef = 89857FD487850BEBF5975E29; };
1662AE8B6A1F02CA1B4CFBEC = { isa = PBXFileReference; lastKnownFileType = sourcecode.swift; path = "VO1DMessenger/SafeContent.swift"; sourceTree = "SOURCE_ROOT"; };
FF5B4D48F6AF95AE51A47883 = { isa = PBXBuildFile; fileRef = 1662AE8B6A1F02CA1B4CFBEC; };
02EC5476ED432161A1B94B9E = { isa = PBXFileReference; lastKnownFileType = sourcecode.swift; path = "VO1DMessenger/SecureBackup.swift"; sourceTree = "SOURCE_ROOT"; };
1062AEC8E5AF2A8C22469F82 = { isa = PBXBuildFile; fileRef = 02EC5476ED432161A1B94B9E; };
391630BC11A011A1EE9BCAB7 = { isa = PBXFileReference; lastKnownFileType = sourcecode.swift; path = "VO1DMessenger/SettingsView.swift"; sourceTree = "SOURCE_ROOT"; };
4CDD157505B31FFB6785231E = { isa = PBXBuildFile; fileRef = 391630BC11A011A1EE9BCAB7; };
6607F766336879E4ED91C148 = { isa = PBXFileReference; lastKnownFileType = sourcecode.swift; path = "VO1DMessenger/SharedMediaView.swift"; sourceTree = "SOURCE_ROOT"; };
387EA8AB8A108BF1CA1B244E = { isa = PBXBuildFile; fileRef = 6607F766336879E4ED91C148; };
E2993DC7DC393CE9EA022DEC = { isa = PBXFileReference; lastKnownFileType = sourcecode.swift; path = "VO1DMessenger/ToolsViews.swift"; sourceTree = "SOURCE_ROOT"; };
BA368E328436D6DB4D1B74C3 = { isa = PBXBuildFile; fileRef = E2993DC7DC393CE9EA022DEC; };
417EBBB7DFF440D0111DEAEA = { isa = PBXFileReference; lastKnownFileType = sourcecode.swift; path = "VO1DMessenger/VO1DMessengerApp.swift"; sourceTree = "SOURCE_ROOT"; };
3FBD8EC398F6D6A17783C9FA = { isa = PBXBuildFile; fileRef = 417EBBB7DFF440D0111DEAEA; };
ACAA880527D6B7A99575E107 = { isa = PBXFileReference; lastKnownFileType = sourcecode.swift; path = "VO1DMessenger/VoicePlayback.swift"; sourceTree = "SOURCE_ROOT"; };
A87B280522ED87EF7CD650D6 = { isa = PBXBuildFile; fileRef = ACAA880527D6B7A99575E107; };
9DF9E41D09D95D2B01D0CE8A = { isa = PBXFileReference; lastKnownFileType = sourcecode.swift; path = "VO1DMessengerTests/CryptoTests.swift"; sourceTree = "SOURCE_ROOT"; };
E60764A76BA0CBE3C0A7386B = { isa = PBXBuildFile; fileRef = 9DF9E41D09D95D2B01D0CE8A; };
F31A91F78E913CCC0F9FC876 = { isa = PBXFileReference; lastKnownFileType = sourcecode.swift; path = "VO1DMessengerTests/PrivacyTests.swift"; sourceTree = "SOURCE_ROOT"; };
6D3A98D4721B586CDDB5C4D4 = { isa = PBXBuildFile; fileRef = F31A91F78E913CCC0F9FC876; };
681C948D238C526E9E3424E0 = { isa = PBXFileReference; explicitFileType = wrapper.application; path = VO1DMessenger.app; sourceTree = BUILT_PRODUCTS_DIR; };
F739566ED5280322FF98A798 = { isa = PBXFileReference; explicitFileType = wrapper.cfbundle; path = VO1DMessengerTests.xctest; sourceTree = BUILT_PRODUCTS_DIR; };
0A3E27B8CA818264D75C8D81 = { isa = PBXGroup; children = (681C948D238C526E9E3424E0, F739566ED5280322FF98A798,); name = Products; sourceTree = "<group>"; };
FC233BDA2344D97687F5A251 = { isa = PBXGroup; children = (F08E9037ADD7F64669FEB418, 3D4914BBE4AF9E1776BC8B94, A019A4FCAC0145DFD58CED45, 41D528D251898BA018857B68, 1FDA806CD1124A0529305073, 5FB532BA2EB07D70714BC15D, 9D92C87875E0F76218233542, 0CF4DB76CC2D4703B641EA89, 9891728F7E4C73FFFBD9CB75, A14A2CCBD1675F8A57604894, CC4C5BA51A3FF42740A31CE7, 3711C230483B01404F3DFBD7, 5B9C20764C688D67F9E15124, 345BFE722C4DEB5BABA084F1, B2B88FE58314ECD50A8D5ECE, 8D86123F6DDE0BEB0F24D445, D7D78D1EF40D69442392EF82, 89857FD487850BEBF5975E29, 1662AE8B6A1F02CA1B4CFBEC, 02EC5476ED432161A1B94B9E, 391630BC11A011A1EE9BCAB7, 6607F766336879E4ED91C148, E2993DC7DC393CE9EA022DEC, 417EBBB7DFF440D0111DEAEA, ACAA880527D6B7A99575E107,); name = VO1DMessenger; sourceTree = "<group>"; };
C4E2E7F217DE3642E7714F4E = { isa = PBXGroup; children = (9DF9E41D09D95D2B01D0CE8A, F31A91F78E913CCC0F9FC876,); name = VO1DMessengerTests; sourceTree = "<group>"; };
19F479106CE8C3BA8C106518 = { isa = PBXGroup; children = (FC233BDA2344D97687F5A251, C4E2E7F217DE3642E7714F4E, 0A3E27B8CA818264D75C8D81,); sourceTree = "<group>"; };
5C1E5D5E1BBDDD12D482B729 = { isa = PBXFileReference; lastKnownFileType = text.xml; path = "VO1DMessenger/PrivacyInfo.xcprivacy"; sourceTree = "SOURCE_ROOT"; };
CE592D926B548708CFD0C61E = { isa = PBXBuildFile; fileRef = 5C1E5D5E1BBDDD12D482B729; };
AFF87A50730392B6633ACECE = { isa = PBXSourcesBuildPhase; buildActionMask = 2147483647; files = (783DEAC75B590DDB41AEC5DF, 2EA02BEA718EAE5B6CE439DA, 339E4F8FB2A9798619F76230, 3121D0DF2F20A6C8458A76AB, 50B86364C27497A3175AED55, E81395BC70FAE37BCA57A31E, E9A50CDEC8B6E3F68F61DF34, CC3FAA55F65F605494389FCD, 138F987C8D24C368D51B0112, 3236F1912D48FC74FBC469AC, 876048EECEC18FF9E6C843AB, 8E010AAB65483F86DDE24783, 6AF2240F3799CDFDBB7EF9AD, D9760B24984F6E199B1F527B, E6EE2649D766ACEBC8EAD3F6, A2BFDC1EA1F99B17CF46CB93, 280C14C565301A1ABE7A895E, B36C8CE4F5984514D0F7DC33, FF5B4D48F6AF95AE51A47883, 1062AEC8E5AF2A8C22469F82, 4CDD157505B31FFB6785231E, 387EA8AB8A108BF1CA1B244E, BA368E328436D6DB4D1B74C3, 3FBD8EC398F6D6A17783C9FA, A87B280522ED87EF7CD650D6,); runOnlyForDeploymentPostprocessing = 0; };
DEE94446A282611C16F7781C = { isa = PBXSourcesBuildPhase; buildActionMask = 2147483647; files = (E60764A76BA0CBE3C0A7386B, 6D3A98D4721B586CDDB5C4D4,); runOnlyForDeploymentPostprocessing = 0; };
F9187E824FE171A6F0EFAE28 = { isa = PBXResourcesBuildPhase; buildActionMask = 2147483647; files = (CE592D926B548708CFD0C61E,); runOnlyForDeploymentPostprocessing = 0; };
7A4C2DC8FCA657188648E999 = { isa = PBXFrameworksBuildPhase; buildActionMask = 2147483647; files = (); runOnlyForDeploymentPostprocessing = 0; };
488864B3D19480A82F7F1786 = { isa = XCBuildConfiguration; buildSettings = { SDKROOT = "iphoneos"; IPHONEOS_DEPLOYMENT_TARGET = "17.0"; SWIFT_VERSION = "5.0"; CLANG_ENABLE_MODULES = "YES"; CLANG_ENABLE_OBJC_ARC = "YES"; GCC_C_LANGUAGE_STANDARD = "gnu17"; ENABLE_USER_SCRIPT_SANDBOXING = "YES"; SWIFT_OPTIMIZATION_LEVEL = "-Onone"; DEBUG_INFORMATION_FORMAT = "dwarf"; SWIFT_ACTIVE_COMPILATION_CONDITIONS = "DEBUG"; ENABLE_TESTABILITY = "YES"; }; name = Debug; };
35B1014F135DE9B45529B733 = { isa = XCBuildConfiguration; buildSettings = { SDKROOT = "iphoneos"; IPHONEOS_DEPLOYMENT_TARGET = "17.0"; SWIFT_VERSION = "5.0"; CLANG_ENABLE_MODULES = "YES"; CLANG_ENABLE_OBJC_ARC = "YES"; GCC_C_LANGUAGE_STANDARD = "gnu17"; ENABLE_USER_SCRIPT_SANDBOXING = "YES"; SWIFT_OPTIMIZATION_LEVEL = "-O"; DEBUG_INFORMATION_FORMAT = "dwarf-with-dsym"; }; name = Release; };
B4E10CAA9C5E22150B71559C = { isa = XCConfigurationList; buildConfigurations = (488864B3D19480A82F7F1786, 35B1014F135DE9B45529B733,); defaultConfigurationIsVisible = 0; defaultConfigurationName = Release; };
2A04C20BF6D5C20A63A1D4CC = { isa = XCBuildConfiguration; buildSettings = { PRODUCT_NAME = "$(TARGET_NAME)"; PRODUCT_BUNDLE_IDENTIFIER = "io.vo1d.messenger"; TARGETED_DEVICE_FAMILY = "1,2"; CODE_SIGN_STYLE = "Automatic"; MARKETING_VERSION = "1.3.0"; CURRENT_PROJECT_VERSION = "1"; LD_RUNPATH_SEARCH_PATHS = "$(inherited) @executable_path/Frameworks"; SUPPORTED_PLATFORMS = "iphoneos iphonesimulator"; SUPPORTS_MACCATALYST = "NO"; SWIFT_EMIT_LOC_STRINGS = "YES"; GENERATE_INFOPLIST_FILE = "NO"; SWIFT_OPTIMIZATION_LEVEL = "-Onone"; DEBUG_INFORMATION_FORMAT = "dwarf"; SWIFT_ACTIVE_COMPILATION_CONDITIONS = "DEBUG"; ENABLE_TESTABILITY = "YES"; APS_ENVIRONMENT = "development"; CODE_SIGN_ENTITLEMENTS = "VO1DMessenger/VO1DMessenger.entitlements"; INFOPLIST_FILE = "VO1DMessenger/Info.Debug.plist"; }; name = Debug; };
E28089EB494F94D6F9770EC2 = { isa = XCBuildConfiguration; buildSettings = { PRODUCT_NAME = "$(TARGET_NAME)"; PRODUCT_BUNDLE_IDENTIFIER = "io.vo1d.messenger"; TARGETED_DEVICE_FAMILY = "1,2"; CODE_SIGN_STYLE = "Automatic"; MARKETING_VERSION = "1.3.0"; CURRENT_PROJECT_VERSION = "1"; LD_RUNPATH_SEARCH_PATHS = "$(inherited) @executable_path/Frameworks"; SUPPORTED_PLATFORMS = "iphoneos iphonesimulator"; SUPPORTS_MACCATALYST = "NO"; SWIFT_EMIT_LOC_STRINGS = "YES"; GENERATE_INFOPLIST_FILE = "NO"; SWIFT_OPTIMIZATION_LEVEL = "-O"; DEBUG_INFORMATION_FORMAT = "dwarf-with-dsym"; APS_ENVIRONMENT = "production"; CODE_SIGN_ENTITLEMENTS = "VO1DMessenger/VO1DMessenger.entitlements"; INFOPLIST_FILE = "VO1DMessenger/Info.plist"; }; name = Release; };
7BCEE9A04133D8A2FED7D4D3 = { isa = XCConfigurationList; buildConfigurations = (2A04C20BF6D5C20A63A1D4CC, E28089EB494F94D6F9770EC2,); defaultConfigurationIsVisible = 0; defaultConfigurationName = Release; };
88B88E0179E3F72210D21B33 = { isa = XCBuildConfiguration; buildSettings = { PRODUCT_NAME = "$(TARGET_NAME)"; PRODUCT_BUNDLE_IDENTIFIER = "io.vo1d.messenger.tests"; TARGETED_DEVICE_FAMILY = "1,2"; CODE_SIGN_STYLE = "Automatic"; GENERATE_INFOPLIST_FILE = "YES"; TEST_HOST = "$(BUILT_PRODUCTS_DIR)/VO1DMessenger.app/$(BUNDLE_EXECUTABLE_FOLDER_PATH)/VO1DMessenger"; BUNDLE_LOADER = "$(TEST_HOST)"; LD_RUNPATH_SEARCH_PATHS = "$(inherited) @executable_path/Frameworks @loader_path/Frameworks"; SWIFT_OPTIMIZATION_LEVEL = "-Onone"; DEBUG_INFORMATION_FORMAT = "dwarf"; SWIFT_ACTIVE_COMPILATION_CONDITIONS = "DEBUG"; ENABLE_TESTABILITY = "YES"; }; name = Debug; };
A8A9BF34DBF8F1867F207864 = { isa = XCBuildConfiguration; buildSettings = { PRODUCT_NAME = "$(TARGET_NAME)"; PRODUCT_BUNDLE_IDENTIFIER = "io.vo1d.messenger.tests"; TARGETED_DEVICE_FAMILY = "1,2"; CODE_SIGN_STYLE = "Automatic"; GENERATE_INFOPLIST_FILE = "YES"; TEST_HOST = "$(BUILT_PRODUCTS_DIR)/VO1DMessenger.app/$(BUNDLE_EXECUTABLE_FOLDER_PATH)/VO1DMessenger"; BUNDLE_LOADER = "$(TEST_HOST)"; LD_RUNPATH_SEARCH_PATHS = "$(inherited) @executable_path/Frameworks @loader_path/Frameworks"; SWIFT_OPTIMIZATION_LEVEL = "-O"; DEBUG_INFORMATION_FORMAT = "dwarf-with-dsym"; }; name = Release; };
AD7020964E1E033F765FE484 = { isa = XCConfigurationList; buildConfigurations = (88B88E0179E3F72210D21B33, A8A9BF34DBF8F1867F207864,); defaultConfigurationIsVisible = 0; defaultConfigurationName = Release; };
DAB01D73CBBCF1FEDE84E2D6 = { isa = PBXContainerItemProxy; containerPortal = 244210E48437B6556980A702; proxyType = 1; remoteGlobalIDString = C1E9827DB735CA9BAA54A540; remoteInfo = VO1DMessenger; };
72E38AE4860B1840B05EE635 = { isa = PBXTargetDependency; target = C1E9827DB735CA9BAA54A540; targetProxy = DAB01D73CBBCF1FEDE84E2D6; };
C1E9827DB735CA9BAA54A540 = { isa = PBXNativeTarget; buildConfigurationList = 7BCEE9A04133D8A2FED7D4D3; buildPhases = (AFF87A50730392B6633ACECE, 7A4C2DC8FCA657188648E999, F9187E824FE171A6F0EFAE28,); buildRules = (); dependencies = (); name = VO1DMessenger; productName = VO1DMessenger; productReference = 681C948D238C526E9E3424E0; productType = "com.apple.product-type.application"; };
9805CBD60EB4F66728D5D195 = { isa = PBXNativeTarget; buildConfigurationList = AD7020964E1E033F765FE484; buildPhases = (DEE94446A282611C16F7781C,); buildRules = (); dependencies = (72E38AE4860B1840B05EE635,); name = VO1DMessengerTests; productName = VO1DMessengerTests; productReference = F739566ED5280322FF98A798; productType = "com.apple.product-type.bundle.unit-test"; };
244210E48437B6556980A702 = { isa = PBXProject; attributes = { LastUpgradeCheck = 1600; TargetAttributes = { C1E9827DB735CA9BAA54A540 = { CreatedOnToolsVersion = 16.0; }; 9805CBD60EB4F66728D5D195 = { CreatedOnToolsVersion = 16.0; TestTargetID = C1E9827DB735CA9BAA54A540; }; }; }; buildConfigurationList = B4E10CAA9C5E22150B71559C; compatibilityVersion = "Xcode 14.0"; developmentRegion = ru; hasScannedForEncodings = 0; knownRegions = (ru,en,Base); mainGroup = 19F479106CE8C3BA8C106518; productRefGroup = 0A3E27B8CA818264D75C8D81; projectDirPath = ""; projectRoot = ""; targets = (C1E9827DB735CA9BAA54A540, 9805CBD60EB4F66728D5D195,); };
}; rootObject = 244210E48437B6556980A702; }
